
Microsoft Visual Studio Solution File, Format Version 12.00
# Visual Studio Version 16
VisualStudioVersion = 16.0.32901.82
MinimumVisualStudioVersion = 10.0.40219.1
Project("{FAE04EC0-301F-11D3-BF4B-00C04F79EFBC}") = "SpecFlowPageObjectWebDriver", "SpecFlowPageObjectWebDriver\SpecFlowPageObjectWebDriver.csproj", "{EC5BA3FF-1FB3-4A6D-929F-BBD7EE892FAF}"
EndProject
Project("{FAE04EC0-301F-11D3-BF4B-00C04F79EFBC}") = "PageObject", "PageObject\PageObject.csproj", "{5EC35222-E3C0-4E80-8CDD-60989FEF672A}"
EndProject
Global
	GlobalSection(SolutionConfigurationPlatforms) = preSolution
		Debug|Any CPU = Debug|Any CPU
		Release|Any CPU = Release|Any CPU
	EndGlobalSection
	GlobalSection(ProjectConfigurationPlatforms) = postSolution
		{EC5BA3FF-1FB3-4A6D-929F-BBD7EE892FAF}.Debug|Any CPU.ActiveCfg = Debug|Any CPU
		{EC5BA3FF-1FB3-4A6D-929F-BBD7EE892FAF}.Debug|Any CPU.Build.0 = Debug|Any CPU
		{EC5BA3FF-1FB3-4A6D-929F-BBD7EE892FAF}.Release|Any CPU.ActiveCfg = Release|Any CPU
		{EC5BA3FF-1FB3-4A6D-929F-BBD7EE892FAF}.Release|Any CPU.Build.0 = Release|Any CPU
		{5EC35222-E3C0-4E80-8CDD-60989FEF672A}.Debug|Any CPU.ActiveCfg = Debug|Any CPU
		{5EC35222-E3C0-4E80-8CDD-60989FEF672A}.Debug|Any CPU.Build.0 = Debug|Any CPU
		{5EC35222-E3C0-4E80-8CDD-60989FEF672A}.Release|Any CPU.ActiveCfg = Release|Any CPU
		{5EC35222-E3C0-4E80-8CDD-60989FEF672A}.Release|Any CPU.Build.0 = Release|Any CPU
	EndGlobalSection
	GlobalSection(SolutionProperties) = preSolution
		HideSolutionNode = FALSE
	EndGlobalSection
	GlobalSection(ExtensibilityGlobals) = postSolution
		SolutionGuid = {34B7EDD0-94BE-4B82-8A82-3C457E19C002}
	EndGlobalSection
EndGlobal
